
Microsoft Visual Studio Solution File, Format Version 12.00
# Visual Studio Version 16
VisualStudioVersion = 16.0.29806.167
MinimumVisualStudioVersion = 10.0.40219.1
Project("{FAE04EC0-301F-11D3-BF4B-00C04F79EFBC}") = "lab5.1", "lab5.1.csproj", "{B4006C50-DDD4-4585-931A-284E8365FDC7}"
EndProject
Global
	GlobalSection(SolutionConfigurationPlatforms) = preSolution
		Debug|Any CPU = Debug|Any CPU
		Release|Any CPU = Release|Any CPU
	EndGlobalSection
	GlobalSection(ProjectConfigurationPlatforms) = postSolution
		{B4006C50-DDD4-4585-931A-284E8365FDC7}.Debug|Any CPU.ActiveCfg = Debug|Any CPU
		{B4006C50-DDD4-4585-931A-284E8365FDC7}.Debug|Any CPU.Build.0 = Debug|Any CPU
		{B4006C50-DDD4-4585-931A-284E8365FDC7}.Release|Any CPU.ActiveCfg = Release|Any CPU
		{B4006C50-DDD4-4585-931A-284E8365FDC7}.Release|Any CPU.Build.0 = Release|Any CPU
	EndGlobalSection
	GlobalSection(SolutionProperties) = preSolution
		HideSolutionNode = FALSE
	EndGlobalSection
	GlobalSection(ExtensibilityGlobals) = postSolution
		SolutionGuid = {3337D6F2-348B-46CF-8473-55EA6BBF500B}
	EndGlobalSection
EndGlobal
