
Microsoft Visual Studio Solution File, Format Version 12.00
# Visual Studio Version 16
VisualStudioVersion = 16.0.29806.167
MinimumVisualStudioVersion = 10.0.40219.1
Project("{FAE04EC0-301F-11D3-BF4B-00C04F79EFBC}") = "lab6.2", "lab6.2.csproj", "{3528C9C9-D29C-4F93-953A-FBA4C8ABDBDD}"
EndProject
Global
	GlobalSection(SolutionConfigurationPlatforms) = preSolution
		Debug|Any CPU = Debug|Any CPU
		Release|Any CPU = Release|Any CPU
	EndGlobalSection
	GlobalSection(ProjectConfigurationPlatforms) = postSolution
		{3528C9C9-D29C-4F93-953A-FBA4C8ABDBDD}.Debug|Any CPU.ActiveCfg = Debug|Any CPU
		{3528C9C9-D29C-4F93-953A-FBA4C8ABDBDD}.Debug|Any CPU.Build.0 = Debug|Any CPU
		{3528C9C9-D29C-4F93-953A-FBA4C8ABDBDD}.Release|Any CPU.ActiveCfg = Release|Any CPU
		{3528C9C9-D29C-4F93-953A-FBA4C8ABDBDD}.Release|Any CPU.Build.0 = Release|Any CPU
	EndGlobalSection
	GlobalSection(SolutionProperties) = preSolution
		HideSolutionNode = FALSE
	EndGlobalSection
	GlobalSection(ExtensibilityGlobals) = postSolution
		SolutionGuid = {979622F3-894E-41CA-85D5-D0135F43222A}
	EndGlobalSection
EndGlobal
