
Microsoft Visual Studio Solution File, Format Version 12.00
# Visual Studio Version 16
VisualStudioVersion = 16.0.29806.167
MinimumVisualStudioVersion = 10.0.40219.1
Project("{FAE04EC0-301F-11D3-BF4B-00C04F79EFBC}") = "lab6.1", "lab6.1.csproj", "{D2ACECC2-EC31-442D-B935-FBA101F83EAF}"
EndProject
Global
	GlobalSection(SolutionConfigurationPlatforms) = preSolution
		Debug|Any CPU = Debug|Any CPU
		Release|Any CPU = Release|Any CPU
	EndGlobalSection
	GlobalSection(ProjectConfigurationPlatforms) = postSolution
		{D2ACECC2-EC31-442D-B935-FBA101F83EAF}.Debug|Any CPU.ActiveCfg = Debug|Any CPU
		{D2ACECC2-EC31-442D-B935-FBA101F83EAF}.Debug|Any CPU.Build.0 = Debug|Any CPU
		{D2ACECC2-EC31-442D-B935-FBA101F83EAF}.Release|Any CPU.ActiveCfg = Release|Any CPU
		{D2ACECC2-EC31-442D-B935-FBA101F83EAF}.Release|Any CPU.Build.0 = Release|Any CPU
	EndGlobalSection
	GlobalSection(SolutionProperties) = preSolution
		HideSolutionNode = FALSE
	EndGlobalSection
	GlobalSection(ExtensibilityGlobals) = postSolution
		SolutionGuid = {8A23576F-74C4-4CF4-A551-2053266D8CC8}
	EndGlobalSection
EndGlobal
