
Microsoft Visual Studio Solution File, Format Version 12.00
# Visual Studio Version 16
VisualStudioVersion = 16.0.29806.167
MinimumVisualStudioVersion = 10.0.40219.1
Project("{FAE04EC0-301F-11D3-BF4B-00C04F79EFBC}") = "lab5.3", "lab5.3.csproj", "{83222E13-182E-4851-B326-FEDB0C43EA01}"
EndProject
Global
	GlobalSection(SolutionConfigurationPlatforms) = preSolution
		Debug|Any CPU = Debug|Any CPU
		Release|Any CPU = Release|Any CPU
	EndGlobalSection
	GlobalSection(ProjectConfigurationPlatforms) = postSolution
		{83222E13-182E-4851-B326-FEDB0C43EA01}.Debug|Any CPU.ActiveCfg = Debug|Any CPU
		{83222E13-182E-4851-B326-FEDB0C43EA01}.Debug|Any CPU.Build.0 = Debug|Any CPU
		{83222E13-182E-4851-B326-FEDB0C43EA01}.Release|Any CPU.ActiveCfg = Release|Any CPU
		{83222E13-182E-4851-B326-FEDB0C43EA01}.Release|Any CPU.Build.0 = Release|Any CPU
	EndGlobalSection
	GlobalSection(SolutionProperties) = preSolution
		HideSolutionNode = FALSE
	EndGlobalSection
	GlobalSection(ExtensibilityGlobals) = postSolution
		SolutionGuid = {484EBB2C-59F2-4AF0-9D0F-8F17850D2CD9}
	EndGlobalSection
EndGlobal
